
Microsoft Visual Studio Solution File, Format Version 12.00
# Visual Studio Version 17
VisualStudioVersion = 17.8.34309.116
MinimumVisualStudioVersion = 10.0.40219.1
Project("{9A19103F-16F7-4668-BE54-9A1E7A4F7556}") = "SensoreGui", "Sensore\SensoreGui.csproj", "{C9A2442D-08FD-4564-B3E3-6D7224AC225D}"
EndProject
Project("{FAE04EC0-301F-11D3-BF4B-00C04F79EFBC}") = "SensoreMqtt", "SensoreMqtt\SensoreMqtt.csproj", "{F7685548-1B6E-418B-B3E4-4D52DF6C9435}"
EndProject
Global
	GlobalSection(SolutionConfigurationPlatforms) = preSolution
		Debug|Any CPU = Debug|Any CPU
		Release|Any CPU = Release|Any CPU
	EndGlobalSection
	GlobalSection(ProjectConfigurationPlatforms) = postSolution
		{C9A2442D-08FD-4564-B3E3-6D7224AC225D}.Debug|Any CPU.ActiveCfg = Debug|Any CPU
		{C9A2442D-08FD-4564-B3E3-6D7224AC225D}.Debug|Any CPU.Build.0 = Debug|Any CPU
		{C9A2442D-08FD-4564-B3E3-6D7224AC225D}.Release|Any CPU.ActiveCfg = Release|Any CPU
		{C9A2442D-08FD-4564-B3E3-6D7224AC225D}.Release|Any CPU.Build.0 = Release|Any CPU
		{F7685548-1B6E-418B-B3E4-4D52DF6C9435}.Debug|Any CPU.ActiveCfg = Debug|Any CPU
		{F7685548-1B6E-418B-B3E4-4D52DF6C9435}.Debug|Any CPU.Build.0 = Debug|Any CPU
		{F7685548-1B6E-418B-B3E4-4D52DF6C9435}.Release|Any CPU.ActiveCfg = Release|Any CPU
		{F7685548-1B6E-418B-B3E4-4D52DF6C9435}.Release|Any CPU.Build.0 = Release|Any CPU
	EndGlobalSection
	GlobalSection(SolutionProperties) = preSolution
		HideSolutionNode = FALSE
	EndGlobalSection
	GlobalSection(ExtensibilityGlobals) = postSolution
		SolutionGuid = {A16EC615-9D78-4807-A99B-B63669BAA1A4}
	EndGlobalSection
EndGlobal
